<?xml version="1.0" encoding="utf-8"?>
<Project ToolsVersion="4.0" xmlns="http://schemas.microsoft.com/developer/msbuild/2003">
  <ItemGroup>
    <Filter Include="Source Files">
      <UniqueIdentifier>{4FC737F1-C7A5-4376-A066-2A32D752A2FF}</UniqueIdentifier>
      <Extensions>cpp;c;cc;cxx;def;odl;idl;hpj;bat;asm;asmx</Extensions>
    </Filter>
    <Filter Include="Resource Files">
      <UniqueIdentifier>{67DA6AB6-F800-4c08-8B7A-83BB121AAD01}</UniqueIdentifier>
      <Extensions>rc;ico;cur;bmp;dlg;rc2;rct;bin;rgs;gif;jpg;jpeg;jpe;resx;tiff;tif;png;wav</Extensions>
    </Filter>
    <Filter Include="Precompiled Headers">
      <UniqueIdentifier>{c92d8d14-f523-4dbb-a03e-f2b61e513f7e}</UniqueIdentifier>
    </Filter>
  </ItemGroup>
  <ItemGroup>
    <ClInclude Include="..\include\_dataTypes.h">
      <Filter>Source Files</Filter>
    </ClInclude>
    <ClInclude Include="..\include\_parsDebug.h">
      <Filter>Source Files</Filter>
    </ClInclude>
    <ClInclude Include="..\include\_parsProfile.h">
      <Filter>Source Files</Filter>
    </ClInclude>
    <ClInclude Include="..\include\common.h">
      <Filter>Source Files</Filter>
    </ClInclude>
    <ClInclude Include="..\include\DX_ComputeShader11.h">
      <Filter>Source Files</Filter>
    </ClInclude>
    <ClInclude Include="..\include\DX_Device11.h">
      <Filter>Source Files</Filter>
    </ClInclude>
    <ClInclude Include="..\include\DX_ShaderManager.h">
      <Filter>Source Files</Filter>
    </ClInclude>
    <ClInclude Include="..\include\GL_Shader.h">
      <Filter>Source Files</Filter>
    </ClInclude>
    <ClInclude Include="..\include\mathHelper.h">
      <Filter>Source Files</Filter>
    </ClInclude>
    <ClInclude Include="..\include\PS_AffineTransformation.h">
      <Filter>Source Files</Filter>
    </ClInclude>
    <ClInclude Include="..\include\PS_AppConfig.h">
      <Filter>Source Files</Filter>
    </ClInclude>
    <ClInclude Include="..\include\PS_ArcBallCamera.h">
      <Filter>Source Files</Filter>
    </ClInclude>
    <ClInclude Include="..\include\PS_BoundingBox.h">
      <Filter>Source Files</Filter>
    </ClInclude>
    <ClInclude Include="..\include\PS_DateTime.h">
      <Filter>Source Files</Filter>
    </ClInclude>
    <ClInclude Include="..\include\PS_ErrorManager.h">
      <Filter>Source Files</Filter>
    </ClInclude>
    <ClInclude Include="..\include\PS_Exceptions.h">
      <Filter>Source Files</Filter>
    </ClInclude>
    <ClInclude Include="..\include\PS_FileDirectory.h">
      <Filter>Source Files</Filter>
    </ClInclude>
    <ClInclude Include="..\include\PS_GeometryFuncs.h">
      <Filter>Source Files</Filter>
    </ClInclude>
    <ClInclude Include="..\include\PS_HWUtils.h">
      <Filter>Source Files</Filter>
    </ClInclude>
    <ClInclude Include="..\include\PS_Interval.h">
      <Filter>Source Files</Filter>
    </ClInclude>
    <ClInclude Include="..\include\PS_Lock.h">
      <Filter>Source Files</Filter>
    </ClInclude>
    <ClInclude Include="..\include\PS_Material.h">
      <Filter>Source Files</Filter>
    </ClInclude>
    <ClInclude Include="..\include\PS_Matrix.h">
      <Filter>Source Files</Filter>
    </ClInclude>
    <ClInclude Include="..\include\PS_MeshBase.h">
      <Filter>Source Files</Filter>
    </ClInclude>
    <ClInclude Include="..\include\PS_MeshOGL.h">
      <Filter>Source Files</Filter>
    </ClInclude>
    <ClInclude Include="..\include\PS_MeshVV.h">
      <Filter>Source Files</Filter>
    </ClInclude>
    <ClInclude Include="..\include\PS_Octree.h">
      <Filter>Source Files</Filter>
    </ClInclude>
    <ClInclude Include="..\include\PS_PerfLogger.h">
      <Filter>Source Files</Filter>
    </ClInclude>
    <ClInclude Include="..\include\PS_PixelMap.h">
      <Filter>Source Files</Filter>
    </ClInclude>
    <ClInclude Include="..\include\PS_Quaternion.h">
      <Filter>Source Files</Filter>
    </ClInclude>
    <ClInclude Include="..\include\PS_Ray.h">
      <Filter>Source Files</Filter>
    </ClInclude>
    <ClInclude Include="..\include\PS_SIMDVec.h">
      <Filter>Source Files</Filter>
    </ClInclude>
    <ClInclude Include="..\include\PS_SplineCatmullRom.h">
      <Filter>Source Files</Filter>
    </ClInclude>
    <ClInclude Include="..\include\PS_String.h">
      <Filter>Source Files</Filter>
    </ClInclude>
    <ClInclude Include="..\include\PS_StringBase.h">
      <Filter>Source Files</Filter>
    </ClInclude>
    <ClInclude Include="..\include\PS_Vector.h">
      <Filter>Source Files</Filter>
    </ClInclude>
    <ClInclude Include="..\include\TaskManager.h">
      <Filter>Source Files</Filter>
    </ClInclude>
    <ClInclude Include="stdafx.h">
      <Filter>Precompiled Headers</Filter>
    </ClInclude>
    <ClInclude Include="targetver.h">
      <Filter>Precompiled Headers</Filter>
    </ClInclude>
    <ClInclude Include="..\include\PS_Singleton.h">
      <Filter>Source Files</Filter>
    </ClInclude>
    <ClInclude Include="..\include\PS_ParticleSystem.h">
      <Filter>Source Files</Filter>
    </ClInclude>
  </ItemGroup>
  <ItemGroup>
    <ClCompile Include="..\src\DX_ComputeShader11.cpp">
      <Filter>Source Files</Filter>
    </ClCompile>
    <ClCompile Include="..\src\DX_Device11.cpp">
      <Filter>Source Files</Filter>
    </ClCompile>
    <ClCompile Include="..\src\DX_ShaderManager.cpp">
      <Filter>Source Files</Filter>
    </ClCompile>
    <ClCompile Include="..\src\GL_Shader.cpp">
      <Filter>Source Files</Filter>
    </ClCompile>
    <ClCompile Include="..\src\PS_AppConfig.cpp">
      <Filter>Source Files</Filter>
    </ClCompile>
    <ClCompile Include="..\src\PS_ArcBallCamera.cpp">
      <Filter>Source Files</Filter>
    </ClCompile>
    <ClCompile Include="..\src\PS_DateTime.cpp">
      <Filter>Source Files</Filter>
    </ClCompile>
    <ClCompile Include="..\src\PS_ErrorManager.cpp">
      <Filter>Source Files</Filter>
    </ClCompile>
    <ClCompile Include="..\src\PS_Exceptions.cpp">
      <Filter>Source Files</Filter>
    </ClCompile>
    <ClCompile Include="..\src\PS_FileDirectory.cpp">
      <Filter>Source Files</Filter>
    </ClCompile>
    <ClCompile Include="..\include\PS_GeometryFuncs.cpp">
      <Filter>Source Files</Filter>
    </ClCompile>
    <ClCompile Include="..\src\PS_HWUtils.c">
      <Filter>Source Files</Filter>
    </ClCompile>
    <ClCompile Include="..\src\PS_Matrix.cpp">
      <Filter>Source Files</Filter>
    </ClCompile>
    <ClCompile Include="..\src\PS_MeshOGL.cpp">
      <Filter>Source Files</Filter>
    </ClCompile>
    <ClCompile Include="..\src\PS_MeshVV.cpp">
      <Filter>Source Files</Filter>
    </ClCompile>
    <ClCompile Include="..\src\PS_Octree.cpp">
      <Filter>Source Files</Filter>
    </ClCompile>
    <ClCompile Include="..\src\PS_PerfLogger.cpp">
      <Filter>Source Files</Filter>
    </ClCompile>
    <ClCompile Include="..\src\PS_PixelMap.cpp">
      <Filter>Source Files</Filter>
    </ClCompile>
    <ClCompile Include="..\src\PS_Quaternion.cpp">
      <Filter>Source Files</Filter>
    </ClCompile>
    <ClCompile Include="..\src\PS_SplineCatmullRom.cpp">
      <Filter>Source Files</Filter>
    </ClCompile>
    <ClCompile Include="..\src\PS_String.cpp">
      <Filter>Source Files</Filter>
    </ClCompile>
    <ClCompile Include="..\src\TaskManager.cpp">
      <Filter>Source Files</Filter>
    </ClCompile>
    <ClCompile Include="stdafx.cpp">
      <Filter>Precompiled Headers</Filter>
    </ClCompile>
  </ItemGroup>
  <ItemGroup>
    <None Include="ReadMe.txt" />
  </ItemGroup>
</Project>