<?xml version="1.0" encoding="utf-8"?>
<Project ToolsVersion="4.0" xmlns="http://schemas.microsoft.com/developer/msbuild/2003">
  <ItemGroup>
    <Filter Include="Source Files">
      <UniqueIdentifier>{4FC737F1-C7A5-4376-A066-2A32D752A2FF}</UniqueIdentifier>
      <Extensions>cpp;c;cc;cxx;def;odl;idl;hpj;bat;asm;asmx</Extensions>
    </Filter>
  </ItemGroup>
  <ItemGroup>
    <ClCompile Include="..\src\DContainers.cpp">
      <Filter>Source Files</Filter>
    </ClCompile>
    <ClCompile Include="..\src\DMemory.cpp">
      <Filter>Source Files</Filter>
    </ClCompile>
    <ClCompile Include="..\src\DNetwork.cpp">
      <Filter>Source Files</Filter>
    </ClCompile>
    <ClCompile Include="..\src\DNetwork_Base.cpp">
      <Filter>Source Files</Filter>
    </ClCompile>
    <ClCompile Include="..\src\DNetwork_Connecter.cpp">
      <Filter>Source Files</Filter>
    </ClCompile>
    <ClCompile Include="..\src\DNetwork_Listener.cpp">
      <Filter>Source Files</Filter>
    </ClCompile>
    <ClCompile Include="..\src\DNetwork_PacketManager.cpp">
      <Filter>Source Files</Filter>
    </ClCompile>
    <ClCompile Include="..\src\DSafeCrt.cpp">
      <Filter>Source Files</Filter>
    </ClCompile>
    <ClCompile Include="..\src\DThreads.cpp">
      <Filter>Source Files</Filter>
    </ClCompile>
    <ClCompile Include="..\src\DTypes.cpp">
      <Filter>Source Files</Filter>
    </ClCompile>
    <ClCompile Include="..\src\DUtils.cpp">
      <Filter>Source Files</Filter>
    </ClCompile>
    <ClCompile Include="..\src\DUtils_Files.cpp">
      <Filter>Source Files</Filter>
    </ClCompile>
    <ClCompile Include="..\src\DUtils_MemFile.cpp">
      <Filter>Source Files</Filter>
    </ClCompile>
    <ClCompile Include="DUtils_Stats.cpp">
      <Filter>Source Files</Filter>
    </ClCompile>
  </ItemGroup>
  <ItemGroup>
    <ClInclude Include="..\include\DContainers.h">
      <Filter>Source Files</Filter>
    </ClInclude>
    <ClInclude Include="..\include\DCriticalSection.h">
      <Filter>Source Files</Filter>
    </ClInclude>
    <ClInclude Include="..\include\DIO_FileManager.h">
      <Filter>Source Files</Filter>
    </ClInclude>
    <ClInclude Include="..\include\DMemory.h">
      <Filter>Source Files</Filter>
    </ClInclude>
    <ClInclude Include="..\include\DNetwork.h">
      <Filter>Source Files</Filter>
    </ClInclude>
    <ClInclude Include="..\include\DNetwork_Base.h">
      <Filter>Source Files</Filter>
    </ClInclude>
    <ClInclude Include="..\include\DNetwork_Connecter.h">
      <Filter>Source Files</Filter>
    </ClInclude>
    <ClInclude Include="..\include\DNetwork_Listener.h">
      <Filter>Source Files</Filter>
    </ClInclude>
    <ClInclude Include="..\include\DNetwork_PacketManager.h">
      <Filter>Source Files</Filter>
    </ClInclude>
    <ClInclude Include="..\include\DSafeCrt.h">
      <Filter>Source Files</Filter>
    </ClInclude>
    <ClInclude Include="..\include\DThreads.h">
      <Filter>Source Files</Filter>
    </ClInclude>
    <ClInclude Include="..\include\DTypes.h">
      <Filter>Source Files</Filter>
    </ClInclude>
    <ClInclude Include="..\include\DUtils.h">
      <Filter>Source Files</Filter>
    </ClInclude>
    <ClInclude Include="..\include\DUtils_Base.h">
      <Filter>Source Files</Filter>
    </ClInclude>
    <ClInclude Include="..\include\DUtils_Files.h">
      <Filter>Source Files</Filter>
    </ClInclude>
    <ClInclude Include="..\include\DUtils_MemFile.h">
      <Filter>Source Files</Filter>
    </ClInclude>
    <ClInclude Include="DUtils_Stats.h">
      <Filter>Source Files</Filter>
    </ClInclude>
  </ItemGroup>
  <ItemGroup>
    <None Include="DSystem_Classes" />
  </ItemGroup>
</Project>