<?xml version="1.0" encoding="utf-8"?>
<Project ToolsVersion="4.0" xmlns="http://schemas.microsoft.com/developer/msbuild/2003">
  <ItemGroup>
    <Filter Include="Source Files">
      <UniqueIdentifier>{4FC737F1-C7A5-4376-A066-2A32D752A2FF}</UniqueIdentifier>
      <Extensions>cpp;c;cc;cxx;def;odl;idl;hpj;bat;asm;asmx</Extensions>
    </Filter>
    <Filter Include="Header Files">
      <UniqueIdentifier>{93995380-89BD-4b04-88EB-625FBE52EBFB}</UniqueIdentifier>
      <Extensions>h;hpp;hxx;hm;inl;inc;xsd</Extensions>
    </Filter>
    <Filter Include="Resource Files">
      <UniqueIdentifier>{67DA6AB6-F800-4c08-8B7A-83BB121AAD01}</UniqueIdentifier>
      <Extensions>rc;ico;cur;bmp;dlg;rc2;rct;bin;rgs;gif;jpg;jpeg;jpe;resx;tiff;tif;png;wav</Extensions>
    </Filter>
  </ItemGroup>
  <ItemGroup>
    <ClInclude Include="..\include\_constSettings.h">
      <Filter>Source Files</Filter>
    </ClInclude>
    <ClInclude Include="..\include\BlobTreeLibraryAll.h">
      <Filter>Source Files</Filter>
    </ClInclude>
    <ClInclude Include="..\include\BlobTreeScripting.h">
      <Filter>Source Files</Filter>
    </ClInclude>
    <ClInclude Include="..\include\CAdaptiveUniformGrid3d.h">
      <Filter>Source Files</Filter>
    </ClInclude>
    <ClInclude Include="..\include\CAffine.h">
      <Filter>Source Files</Filter>
    </ClInclude>
    <ClInclude Include="..\include\CBlend.h">
      <Filter>Source Files</Filter>
    </ClInclude>
    <ClInclude Include="..\include\CBlobTree.h">
      <Filter>Source Files</Filter>
    </ClInclude>
    <ClInclude Include="..\include\CCache.h">
      <Filter>Source Files</Filter>
    </ClInclude>
    <ClInclude Include="..\include\CDifference.h">
      <Filter>Source Files</Filter>
    </ClInclude>
    <ClInclude Include="..\include\CFieldFunction.h">
      <Filter>Source Files</Filter>
    </ClInclude>
    <ClInclude Include="..\include\CIntersection.h">
      <Filter>Source Files</Filter>
    </ClInclude>
    <ClInclude Include="..\include\CPcm.h">
      <Filter>Source Files</Filter>
    </ClInclude>
    <ClInclude Include="..\include\CQuadricPoint.h">
      <Filter>Source Files</Filter>
    </ClInclude>
    <ClInclude Include="..\include\CRicciBlend.h">
      <Filter>Source Files</Filter>
    </ClInclude>
    <ClInclude Include="..\include\CRootFinder.h">
      <Filter>Source Files</Filter>
    </ClInclude>
    <ClInclude Include="..\include\CSkeleton.h">
      <Filter>Source Files</Filter>
    </ClInclude>
    <ClInclude Include="..\include\CSkeletonCatmullRomCurve.h">
      <Filter>Source Files</Filter>
    </ClInclude>
    <ClInclude Include="..\include\CSkeletonCube.h">
      <Filter>Source Files</Filter>
    </ClInclude>
    <ClInclude Include="..\include\CSkeletonCylinder.h">
      <Filter>Source Files</Filter>
    </ClInclude>
    <ClInclude Include="..\include\CSkeletonDisc.h">
      <Filter>Source Files</Filter>
    </ClInclude>
    <ClInclude Include="..\include\CSkeletonLine.h">
      <Filter>Source Files</Filter>
    </ClInclude>
    <ClInclude Include="..\include\CSkeletonPoint.h">
      <Filter>Source Files</Filter>
    </ClInclude>
    <ClInclude Include="..\include\CSkeletonPolygon.h">
      <Filter>Source Files</Filter>
    </ClInclude>
    <ClInclude Include="..\include\CSkeletonPrimitive.h">
      <Filter>Source Files</Filter>
    </ClInclude>
    <ClInclude Include="..\include\CSkeletonRing.h">
      <Filter>Source Files</Filter>
    </ClInclude>
    <ClInclude Include="..\include\CSkeletonTriangle.h">
      <Filter>Source Files</Filter>
    </ClInclude>
    <ClInclude Include="..\include\CSmoothDifference.h">
      <Filter>Source Files</Filter>
    </ClInclude>
    <ClInclude Include="..\include\CUnion.h">
      <Filter>Source Files</Filter>
    </ClInclude>
    <ClInclude Include="..\include\CVolume.h">
      <Filter>Source Files</Filter>
    </ClInclude>
    <ClInclude Include="..\include\CVolumeBox.h">
      <Filter>Source Files</Filter>
    </ClInclude>
    <ClInclude Include="..\include\CVolumeSphere.h">
      <Filter>Source Files</Filter>
    </ClInclude>
    <ClInclude Include="..\include\CWarpBend.h">
      <Filter>Source Files</Filter>
    </ClInclude>
    <ClInclude Include="..\include\CWarpShear.h">
      <Filter>Source Files</Filter>
    </ClInclude>
    <ClInclude Include="..\include\CWarpTaper.h">
      <Filter>Source Files</Filter>
    </ClInclude>
    <ClInclude Include="..\include\CWarpTwist.h">
      <Filter>Source Files</Filter>
    </ClInclude>
    <ClInclude Include="stdafx.h">
      <Filter>Header Files</Filter>
    </ClInclude>
    <ClInclude Include="targetver.h">
      <Filter>Header Files</Filter>
    </ClInclude>
    <ClInclude Include="..\include\CPrimHalfPlane.h">
      <Filter>Source Files</Filter>
    </ClInclude>
    <ClInclude Include="..\include\BlobTreeBuilder.h">
      <Filter>Source Files</Filter>
    </ClInclude>
  </ItemGroup>
  <ItemGroup>
    <ClCompile Include="..\src\CAdaptiveUniformGrid3d.cpp">
      <Filter>Source Files</Filter>
    </ClCompile>
    <ClCompile Include="..\src\CCache.cpp">
      <Filter>Source Files</Filter>
    </ClCompile>
    <ClCompile Include="..\src\CFieldFunction.cpp">
      <Filter>Source Files</Filter>
    </ClCompile>
    <ClCompile Include="..\src\CRootFinder.cpp">
      <Filter>Source Files</Filter>
    </ClCompile>
    <ClCompile Include="..\src\CSkeletonCube.cpp">
      <Filter>Source Files</Filter>
    </ClCompile>
    <ClCompile Include="..\src\CSkeletonPrimitive.cpp">
      <Filter>Source Files</Filter>
    </ClCompile>
    <ClCompile Include="..\src\CSkeletonTriangle.cpp">
      <Filter>Source Files</Filter>
    </ClCompile>
    <ClCompile Include="..\src\CVolume.cpp">
      <Filter>Source Files</Filter>
    </ClCompile>
    <ClCompile Include="..\src\CVolumeBox.cpp">
      <Filter>Source Files</Filter>
    </ClCompile>
    <ClCompile Include="..\src\CVolumeSphere.cpp">
      <Filter>Source Files</Filter>
    </ClCompile>
    <ClCompile Include="..\src\BlobTreeBuilder.cpp">
      <Filter>Source Files</Filter>
    </ClCompile>
  </ItemGroup>
  <ItemGroup>
    <None Include="ReadMe.txt" />
  </ItemGroup>
</Project>